
Microsoft Visual Studio Solution File, Format Version 12.00
# Visual Studio Version 17
VisualStudioVersion = 17.0.32014.148
MinimumVisualStudioVersion = 10.0.40219.1
Project("{FAE04EC0-301F-11D3-BF4B-00C04F79EFBC}") = "Methode and Debuge", "Methode and Debuge\Methode and Debuge.csproj", "{0D1EE6BE-8552-44F1-BF8C-8382637E8F4A}"
EndProject
Global
	GlobalSection(SolutionConfigurationPlatforms) = preSolution
		Debug|Any CPU = Debug|Any CPU
		Release|Any CPU = Release|Any CPU
	EndGlobalSection
	GlobalSection(ProjectConfigurationPlatforms) = postSolution
		{0D1EE6BE-8552-44F1-BF8C-8382637E8F4A}.Debug|Any CPU.ActiveCfg = Debug|Any CPU
		{0D1EE6BE-8552-44F1-BF8C-8382637E8F4A}.Debug|Any CPU.Build.0 = Debug|Any CPU
		{0D1EE6BE-8552-44F1-BF8C-8382637E8F4A}.Release|Any CPU.ActiveCfg = Release|Any CPU
		{0D1EE6BE-8552-44F1-BF8C-8382637E8F4A}.Release|Any CPU.Build.0 = Release|Any CPU
	EndGlobalSection
	GlobalSection(SolutionProperties) = preSolution
		HideSolutionNode = FALSE
	EndGlobalSection
	GlobalSection(ExtensibilityGlobals) = postSolution
		SolutionGuid = {B4DED9B7-9FAF-49CB-9E9F-9D7414CA77E6}
	EndGlobalSection
EndGlobal
