
Microsoft Visual Studio Solution File, Format Version 12.00
# Visual Studio Version 17
VisualStudioVersion = 17.0.32126.317
MinimumVisualStudioVersion = 10.0.40219.1
Project("{FAE04EC0-301F-11D3-BF4B-00C04F79EFBC}") = "Pharmachy", "Pharmachy.csproj", "{7D16DA64-70AC-4F0C-9266-72AE48EF5D02}"
EndProject
Global
	GlobalSection(SolutionConfigurationPlatforms) = preSolution
		Debug|Any CPU = Debug|Any CPU
		Release|Any CPU = Release|Any CPU
	EndGlobalSection
	GlobalSection(ProjectConfigurationPlatforms) = postSolution
		{7D16DA64-70AC-4F0C-9266-72AE48EF5D02}.Debug|Any CPU.ActiveCfg = Debug|Any CPU
		{7D16DA64-70AC-4F0C-9266-72AE48EF5D02}.Debug|Any CPU.Build.0 = Debug|Any CPU
		{7D16DA64-70AC-4F0C-9266-72AE48EF5D02}.Release|Any CPU.ActiveCfg = Release|Any CPU
		{7D16DA64-70AC-4F0C-9266-72AE48EF5D02}.Release|Any CPU.Build.0 = Release|Any CPU
	EndGlobalSection
	GlobalSection(SolutionProperties) = preSolution
		HideSolutionNode = FALSE
	EndGlobalSection
	GlobalSection(ExtensibilityGlobals) = postSolution
		SolutionGuid = {08A970A5-FEAB-4C0D-AEF2-0FA55503DCA9}
	EndGlobalSection
EndGlobal
